
Microsoft Visual Studio Solution File, Format Version 12.00
# Visual Studio Version 16
VisualStudioVersion = 16.0.29519.87
MinimumVisualStudioVersion = 10.0.40219.1
Project("{FAE04EC0-301F-11D3-BF4B-00C04F79EFBC}") = "Generic", "Generic\Generic.csproj", "{5201E224-16CF-419D-8C27-A064FE0426E7}"
EndProject
Project("{FAE04EC0-301F-11D3-BF4B-00C04F79EFBC}") = "Fibonacci", "Fibonacci\Fibonacci.csproj", "{B400449C-69D3-4D9E-BBC2-746999C430C7}"
EndProject
Project("{FAE04EC0-301F-11D3-BF4B-00C04F79EFBC}") = "Yield", "Yield\Yield.csproj", "{528FE1E3-69E3-4624-8F52-1954C29DB34E}"
EndProject
Project("{FAE04EC0-301F-11D3-BF4B-00C04F79EFBC}") = "This", "This\This.csproj", "{A7AD8A38-65E9-438D-A4AD-CC4FE715A4B5}"
EndProject
Project("{FAE04EC0-301F-11D3-BF4B-00C04F79EFBC}") = "Compare", "Compare\Compare.csproj", "{25DF9A7F-199D-4CE3-B9AA-3CD8E3EA3BC8}"
EndProject
Project("{FAE04EC0-301F-11D3-BF4B-00C04F79EFBC}") = "Office", "Office\Office.csproj", "{50A12E60-4003-416A-B888-08CB4B4E027A}"
EndProject
Project("{FAE04EC0-301F-11D3-BF4B-00C04F79EFBC}") = "Inherit", "Inherit\Inherit.csproj", "{397B2D3E-4246-4F91-86E4-B6682EDFFDDE}"
EndProject
Project("{FAE04EC0-301F-11D3-BF4B-00C04F79EFBC}") = "Interface", "Interface\Interface.csproj", "{005BEE60-0B61-45B8-B011-AF4E014B7D93}"
EndProject
Project("{FAE04EC0-301F-11D3-BF4B-00C04F79EFBC}") = "reflect", "reflect\reflect.csproj", "{BEDA7376-52A8-42F0-9F3C-36BB707A8D34}"
EndProject
Project("{FAE04EC0-301F-11D3-BF4B-00C04F79EFBC}") = "DLL", "DLL\DLL.csproj", "{9AE9B8F6-200A-4CFF-9BFA-AC8E1910AB74}"
EndProject
Project("{FAE04EC0-301F-11D3-BF4B-00C04F79EFBC}") = "DelegateApply", "DelegateApply\DelegateApply.csproj", "{5DC8A7AE-E10F-482B-9661-AB55BBEF8BEF}"
EndProject
Project("{FAE04EC0-301F-11D3-BF4B-00C04F79EFBC}") = "Func", "Func\Func.csproj", "{9DDD8593-AF56-4C95-920D-9777BA80BC40}"
EndProject
Project("{FAE04EC0-301F-11D3-BF4B-00C04F79EFBC}") = "Goto", "Goto\Goto.csproj", "{6253B333-7852-497D-B62A-A45F9FB2F4B5}"
EndProject
Project("{FAE04EC0-301F-11D3-BF4B-00C04F79EFBC}") = "ScoketTcp", "ScoketTcp\ScoketTcp.csproj", "{462858CA-1999-44E1-AFA6-F217E88AD9E0}"
EndProject
Project("{FAE04EC0-301F-11D3-BF4B-00C04F79EFBC}") = "TaskDemo", "TaskDemo\TaskDemo.csproj", "{13577371-59C4-4F4E-8AAA-4E5D3374574D}"
EndProject
Project("{FAE04EC0-301F-11D3-BF4B-00C04F79EFBC}") = "SocketTask", "SocketTask\SocketTask.csproj", "{680DFC65-BABF-4122-A298-FEAFAF9C3A08}"
EndProject
Project("{FAE04EC0-301F-11D3-BF4B-00C04F79EFBC}") = "TaskParentChild", "TaskParentChild\TaskParentChild.csproj", "{F140DF13-ABFD-440D-893F-D06F9D273549}"
EndProject
Project("{FAE04EC0-301F-11D3-BF4B-00C04F79EFBC}") = "SysConvert", "SysConvert\SysConvert.csproj", "{2F9E62AB-11C0-45A0-8DED-0E09B88F61F7}"
EndProject
Project("{FAE04EC0-301F-11D3-BF4B-00C04F79EFBC}") = "SerialPortDemo", "SerialPortDemo\SerialPortDemo.csproj", "{7F756DEA-78DA-46A0-A337-D04DBA936D81}"
EndProject
Project("{FAE04EC0-301F-11D3-BF4B-00C04F79EFBC}") = "EnumDemo", "EnumDemo\EnumDemo.csproj", "{33666C8F-7920-4EDC-A5AF-400D020750E7}"
EndProject
Project("{FAE04EC0-301F-11D3-BF4B-00C04F79EFBC}") = "HeadAnnotation", "HeadAnnotation\HeadAnnotation.csproj", "{13F7D923-7291-47B6-A8EA-AA10FBB71D62}"
EndProject
Project("{FAE04EC0-301F-11D3-BF4B-00C04F79EFBC}") = "TaskFrmDemo", "TaskFrmDemo\TaskFrmDemo.csproj", "{877E9CFC-B958-4973-9BA1-4CED938D22D5}"
EndProject
Project("{FAE04EC0-301F-11D3-BF4B-00C04F79EFBC}") = "ListTReadonly", "ListTReadonly\ListTReadonly.csproj", "{ED7FCDDE-F97A-4B67-B0B7-48132AC8AF27}"
EndProject
Project("{FAE04EC0-301F-11D3-BF4B-00C04F79EFBC}") = "FrmShowPopup", "FrmShowPopup\FrmShowPopup.csproj", "{063BDC89-CFF1-448C-8513-626C72438542}"
EndProject
Project("{FAE04EC0-301F-11D3-BF4B-00C04F79EFBC}") = "DicDemo", "DicDemo\DicDemo.csproj", "{593BAE26-05DE-4EC1-BB0C-F76D1057EC02}"
EndProject
Project("{FAE04EC0-301F-11D3-BF4B-00C04F79EFBC}") = "Invoke_And_BeginInvoke", "Invoke_And_BeginInvoke\Invoke_And_BeginInvoke.csproj", "{45597016-127B-45FF-8403-2ABD2F580C1F}"
EndProject
Project("{FAE04EC0-301F-11D3-BF4B-00C04F79EFBC}") = "Array_BlockBuffer_Test", "Array_BlockBuffer_Test\Array_BlockBuffer_Test.csproj", "{F8029007-ABD9-42B5-A546-DE57B2C78621}"
EndProject
Project("{FAE04EC0-301F-11D3-BF4B-00C04F79EFBC}") = "ResetEvent", "ResetEvent\ResetEvent.csproj", "{B099CA0C-AC2D-4F8C-8CDA-A4F1F700DFAF}"
EndProject
Project("{FAE04EC0-301F-11D3-BF4B-00C04F79EFBC}") = "AttributeDemo", "Attribute\AttributeDemo.csproj", "{9798C4B6-ABB6-4681-A7B0-3F930EB8E617}"
EndProject
Project("{FAE04EC0-301F-11D3-BF4B-00C04F79EFBC}") = "Abstract", "Abstract\Abstract.csproj", "{2D426C0D-31EF-4F24-9A79-70B5AB2AFF5F}"
EndProject
Project("{FAE04EC0-301F-11D3-BF4B-00C04F79EFBC}") = "SafeHandleDemo", "SafeHandleDemo\SafeHandleDemo.csproj", "{B6D20E34-8E4C-4ED4-B6EF-4DB97FA0E166}"
EndProject
Global
	GlobalSection(SolutionConfigurationPlatforms) = preSolution
		Debug|Any CPU = Debug|Any CPU
		Release|Any CPU = Release|Any CPU
	EndGlobalSection
	GlobalSection(ProjectConfigurationPlatforms) = postSolution
		{5201E224-16CF-419D-8C27-A064FE0426E7}.Debug|Any CPU.ActiveCfg = Debug|Any CPU
		{5201E224-16CF-419D-8C27-A064FE0426E7}.Debug|Any CPU.Build.0 = Debug|Any CPU
		{5201E224-16CF-419D-8C27-A064FE0426E7}.Release|Any CPU.ActiveCfg = Release|Any CPU
		{5201E224-16CF-419D-8C27-A064FE0426E7}.Release|Any CPU.Build.0 = Release|Any CPU
		{B400449C-69D3-4D9E-BBC2-746999C430C7}.Debug|Any CPU.ActiveCfg = Debug|Any CPU
		{B400449C-69D3-4D9E-BBC2-746999C430C7}.Debug|Any CPU.Build.0 = Debug|Any CPU
		{B400449C-69D3-4D9E-BBC2-746999C430C7}.Release|Any CPU.ActiveCfg = Release|Any CPU
		{B400449C-69D3-4D9E-BBC2-746999C430C7}.Release|Any CPU.Build.0 = Release|Any CPU
		{528FE1E3-69E3-4624-8F52-1954C29DB34E}.Debug|Any CPU.ActiveCfg = Debug|Any CPU
		{528FE1E3-69E3-4624-8F52-1954C29DB34E}.Debug|Any CPU.Build.0 = Debug|Any CPU
		{528FE1E3-69E3-4624-8F52-1954C29DB34E}.Release|Any CPU.ActiveCfg = Release|Any CPU
		{528FE1E3-69E3-4624-8F52-1954C29DB34E}.Release|Any CPU.Build.0 = Release|Any CPU
		{A7AD8A38-65E9-438D-A4AD-CC4FE715A4B5}.Debug|Any CPU.ActiveCfg = Debug|Any CPU
		{A7AD8A38-65E9-438D-A4AD-CC4FE715A4B5}.Debug|Any CPU.Build.0 = Debug|Any CPU
		{A7AD8A38-65E9-438D-A4AD-CC4FE715A4B5}.Release|Any CPU.ActiveCfg = Release|Any CPU
		{A7AD8A38-65E9-438D-A4AD-CC4FE715A4B5}.Release|Any CPU.Build.0 = Release|Any CPU
		{25DF9A7F-199D-4CE3-B9AA-3CD8E3EA3BC8}.Debug|Any CPU.ActiveCfg = Debug|Any CPU
		{25DF9A7F-199D-4CE3-B9AA-3CD8E3EA3BC8}.Debug|Any CPU.Build.0 = Debug|Any CPU
		{25DF9A7F-199D-4CE3-B9AA-3CD8E3EA3BC8}.Release|Any CPU.ActiveCfg = Release|Any CPU
		{25DF9A7F-199D-4CE3-B9AA-3CD8E3EA3BC8}.Release|Any CPU.Build.0 = Release|Any CPU
		{50A12E60-4003-416A-B888-08CB4B4E027A}.Debug|Any CPU.ActiveCfg = Debug|Any CPU
		{50A12E60-4003-416A-B888-08CB4B4E027A}.Debug|Any CPU.Build.0 = Debug|Any CPU
		{50A12E60-4003-416A-B888-08CB4B4E027A}.Release|Any CPU.ActiveCfg = Release|Any CPU
		{50A12E60-4003-416A-B888-08CB4B4E027A}.Release|Any CPU.Build.0 = Release|Any CPU
		{397B2D3E-4246-4F91-86E4-B6682EDFFDDE}.Debug|Any CPU.ActiveCfg = Debug|Any CPU
		{397B2D3E-4246-4F91-86E4-B6682EDFFDDE}.Debug|Any CPU.Build.0 = Debug|Any CPU
		{397B2D3E-4246-4F91-86E4-B6682EDFFDDE}.Release|Any CPU.ActiveCfg = Release|Any CPU
		{397B2D3E-4246-4F91-86E4-B6682EDFFDDE}.Release|Any CPU.Build.0 = Release|Any CPU
		{005BEE60-0B61-45B8-B011-AF4E014B7D93}.Debug|Any CPU.ActiveCfg = Debug|Any CPU
		{005BEE60-0B61-45B8-B011-AF4E014B7D93}.Debug|Any CPU.Build.0 = Debug|Any CPU
		{005BEE60-0B61-45B8-B011-AF4E014B7D93}.Release|Any CPU.ActiveCfg = Release|Any CPU
		{005BEE60-0B61-45B8-B011-AF4E014B7D93}.Release|Any CPU.Build.0 = Release|Any CPU
		{BEDA7376-52A8-42F0-9F3C-36BB707A8D34}.Debug|Any CPU.ActiveCfg = Debug|Any CPU
		{BEDA7376-52A8-42F0-9F3C-36BB707A8D34}.Debug|Any CPU.Build.0 = Debug|Any CPU
		{BEDA7376-52A8-42F0-9F3C-36BB707A8D34}.Release|Any CPU.ActiveCfg = Release|Any CPU
		{BEDA7376-52A8-42F0-9F3C-36BB707A8D34}.Release|Any CPU.Build.0 = Release|Any CPU
		{9AE9B8F6-200A-4CFF-9BFA-AC8E1910AB74}.Debug|Any CPU.ActiveCfg = Debug|Any CPU
		{9AE9B8F6-200A-4CFF-9BFA-AC8E1910AB74}.Debug|Any CPU.Build.0 = Debug|Any CPU
		{9AE9B8F6-200A-4CFF-9BFA-AC8E1910AB74}.Release|Any CPU.ActiveCfg = Release|Any CPU
		{9AE9B8F6-200A-4CFF-9BFA-AC8E1910AB74}.Release|Any CPU.Build.0 = Release|Any CPU
		{5DC8A7AE-E10F-482B-9661-AB55BBEF8BEF}.Debug|Any CPU.ActiveCfg = Debug|Any CPU
		{5DC8A7AE-E10F-482B-9661-AB55BBEF8BEF}.Debug|Any CPU.Build.0 = Debug|Any CPU
		{5DC8A7AE-E10F-482B-9661-AB55BBEF8BEF}.Release|Any CPU.ActiveCfg = Release|Any CPU
		{5DC8A7AE-E10F-482B-9661-AB55BBEF8BEF}.Release|Any CPU.Build.0 = Release|Any CPU
		{9DDD8593-AF56-4C95-920D-9777BA80BC40}.Debug|Any CPU.ActiveCfg = Debug|Any CPU
		{9DDD8593-AF56-4C95-920D-9777BA80BC40}.Debug|Any CPU.Build.0 = Debug|Any CPU
		{9DDD8593-AF56-4C95-920D-9777BA80BC40}.Release|Any CPU.ActiveCfg = Release|Any CPU
		{9DDD8593-AF56-4C95-920D-9777BA80BC40}.Release|Any CPU.Build.0 = Release|Any CPU
		{6253B333-7852-497D-B62A-A45F9FB2F4B5}.Debug|Any CPU.ActiveCfg = Debug|Any CPU
		{6253B333-7852-497D-B62A-A45F9FB2F4B5}.Debug|Any CPU.Build.0 = Debug|Any CPU
		{6253B333-7852-497D-B62A-A45F9FB2F4B5}.Release|Any CPU.ActiveCfg = Release|Any CPU
		{6253B333-7852-497D-B62A-A45F9FB2F4B5}.Release|Any CPU.Build.0 = Release|Any CPU
		{462858CA-1999-44E1-AFA6-F217E88AD9E0}.Debug|Any CPU.ActiveCfg = Debug|Any CPU
		{462858CA-1999-44E1-AFA6-F217E88AD9E0}.Debug|Any CPU.Build.0 = Debug|Any CPU
		{462858CA-1999-44E1-AFA6-F217E88AD9E0}.Release|Any CPU.ActiveCfg = Release|Any CPU
		{462858CA-1999-44E1-AFA6-F217E88AD9E0}.Release|Any CPU.Build.0 = Release|Any CPU
		{13577371-59C4-4F4E-8AAA-4E5D3374574D}.Debug|Any CPU.ActiveCfg = Debug|Any CPU
		{13577371-59C4-4F4E-8AAA-4E5D3374574D}.Debug|Any CPU.Build.0 = Debug|Any CPU
		{13577371-59C4-4F4E-8AAA-4E5D3374574D}.Release|Any CPU.ActiveCfg = Release|Any CPU
		{13577371-59C4-4F4E-8AAA-4E5D3374574D}.Release|Any CPU.Build.0 = Release|Any CPU
		{680DFC65-BABF-4122-A298-FEAFAF9C3A08}.Debug|Any CPU.ActiveCfg = Debug|Any CPU
		{680DFC65-BABF-4122-A298-FEAFAF9C3A08}.Debug|Any CPU.Build.0 = Debug|Any CPU
		{680DFC65-BABF-4122-A298-FEAFAF9C3A08}.Release|Any CPU.ActiveCfg = Release|Any CPU
		{680DFC65-BABF-4122-A298-FEAFAF9C3A08}.Release|Any CPU.Build.0 = Release|Any CPU
		{F140DF13-ABFD-440D-893F-D06F9D273549}.Debug|Any CPU.ActiveCfg = Debug|Any CPU
		{F140DF13-ABFD-440D-893F-D06F9D273549}.Debug|Any CPU.Build.0 = Debug|Any CPU
		{F140DF13-ABFD-440D-893F-D06F9D273549}.Release|Any CPU.ActiveCfg = Release|Any CPU
		{F140DF13-ABFD-440D-893F-D06F9D273549}.Release|Any CPU.Build.0 = Release|Any CPU
		{2F9E62AB-11C0-45A0-8DED-0E09B88F61F7}.Debug|Any CPU.ActiveCfg = Debug|Any CPU
		{2F9E62AB-11C0-45A0-8DED-0E09B88F61F7}.Debug|Any CPU.Build.0 = Debug|Any CPU
		{2F9E62AB-11C0-45A0-8DED-0E09B88F61F7}.Release|Any CPU.ActiveCfg = Release|Any CPU
		{2F9E62AB-11C0-45A0-8DED-0E09B88F61F7}.Release|Any CPU.Build.0 = Release|Any CPU
		{7F756DEA-78DA-46A0-A337-D04DBA936D81}.Debug|Any CPU.ActiveCfg = Debug|Any CPU
		{7F756DEA-78DA-46A0-A337-D04DBA936D81}.Debug|Any CPU.Build.0 = Debug|Any CPU
		{7F756DEA-78DA-46A0-A337-D04DBA936D81}.Release|Any CPU.ActiveCfg = Release|Any CPU
		{7F756DEA-78DA-46A0-A337-D04DBA936D81}.Release|Any CPU.Build.0 = Release|Any CPU
		{33666C8F-7920-4EDC-A5AF-400D020750E7}.Debug|Any CPU.ActiveCfg = Debug|Any CPU
		{33666C8F-7920-4EDC-A5AF-400D020750E7}.Debug|Any CPU.Build.0 = Debug|Any CPU
		{33666C8F-7920-4EDC-A5AF-400D020750E7}.Release|Any CPU.ActiveCfg = Release|Any CPU
		{33666C8F-7920-4EDC-A5AF-400D020750E7}.Release|Any CPU.Build.0 = Release|Any CPU
		{13F7D923-7291-47B6-A8EA-AA10FBB71D62}.Debug|Any CPU.ActiveCfg = Debug|Any CPU
		{13F7D923-7291-47B6-A8EA-AA10FBB71D62}.Debug|Any CPU.Build.0 = Debug|Any CPU
		{13F7D923-7291-47B6-A8EA-AA10FBB71D62}.Release|Any CPU.ActiveCfg = Release|Any CPU
		{13F7D923-7291-47B6-A8EA-AA10FBB71D62}.Release|Any CPU.Build.0 = Release|Any CPU
		{877E9CFC-B958-4973-9BA1-4CED938D22D5}.Debug|Any CPU.ActiveCfg = Debug|Any CPU
		{877E9CFC-B958-4973-9BA1-4CED938D22D5}.Debug|Any CPU.Build.0 = Debug|Any CPU
		{877E9CFC-B958-4973-9BA1-4CED938D22D5}.Release|Any CPU.ActiveCfg = Release|Any CPU
		{877E9CFC-B958-4973-9BA1-4CED938D22D5}.Release|Any CPU.Build.0 = Release|Any CPU
		{ED7FCDDE-F97A-4B67-B0B7-48132AC8AF27}.Debug|Any CPU.ActiveCfg = Debug|Any CPU
		{ED7FCDDE-F97A-4B67-B0B7-48132AC8AF27}.Debug|Any CPU.Build.0 = Debug|Any CPU
		{ED7FCDDE-F97A-4B67-B0B7-48132AC8AF27}.Release|Any CPU.ActiveCfg = Release|Any CPU
		{ED7FCDDE-F97A-4B67-B0B7-48132AC8AF27}.Release|Any CPU.Build.0 = Release|Any CPU
		{063BDC89-CFF1-448C-8513-626C72438542}.Debug|Any CPU.ActiveCfg = Debug|Any CPU
		{063BDC89-CFF1-448C-8513-626C72438542}.Debug|Any CPU.Build.0 = Debug|Any CPU
		{063BDC89-CFF1-448C-8513-626C72438542}.Release|Any CPU.ActiveCfg = Release|Any CPU
		{063BDC89-CFF1-448C-8513-626C72438542}.Release|Any CPU.Build.0 = Release|Any CPU
		{593BAE26-05DE-4EC1-BB0C-F76D1057EC02}.Debug|Any CPU.ActiveCfg = Debug|Any CPU
		{593BAE26-05DE-4EC1-BB0C-F76D1057EC02}.Debug|Any CPU.Build.0 = Debug|Any CPU
		{593BAE26-05DE-4EC1-BB0C-F76D1057EC02}.Release|Any CPU.ActiveCfg = Release|Any CPU
		{593BAE26-05DE-4EC1-BB0C-F76D1057EC02}.Release|Any CPU.Build.0 = Release|Any CPU
		{45597016-127B-45FF-8403-2ABD2F580C1F}.Debug|Any CPU.ActiveCfg = Debug|Any CPU
		{45597016-127B-45FF-8403-2ABD2F580C1F}.Debug|Any CPU.Build.0 = Debug|Any CPU
		{45597016-127B-45FF-8403-2ABD2F580C1F}.Release|Any CPU.ActiveCfg = Release|Any CPU
		{45597016-127B-45FF-8403-2ABD2F580C1F}.Release|Any CPU.Build.0 = Release|Any CPU
		{F8029007-ABD9-42B5-A546-DE57B2C78621}.Debug|Any CPU.ActiveCfg = Debug|Any CPU
		{F8029007-ABD9-42B5-A546-DE57B2C78621}.Debug|Any CPU.Build.0 = Debug|Any CPU
		{F8029007-ABD9-42B5-A546-DE57B2C78621}.Release|Any CPU.ActiveCfg = Release|Any CPU
		{F8029007-ABD9-42B5-A546-DE57B2C78621}.Release|Any CPU.Build.0 = Release|Any CPU
		{B099CA0C-AC2D-4F8C-8CDA-A4F1F700DFAF}.Debug|Any CPU.ActiveCfg = Debug|Any CPU
		{B099CA0C-AC2D-4F8C-8CDA-A4F1F700DFAF}.Debug|Any CPU.Build.0 = Debug|Any CPU
		{B099CA0C-AC2D-4F8C-8CDA-A4F1F700DFAF}.Release|Any CPU.ActiveCfg = Release|Any CPU
		{B099CA0C-AC2D-4F8C-8CDA-A4F1F700DFAF}.Release|Any CPU.Build.0 = Release|Any CPU
		{9798C4B6-ABB6-4681-A7B0-3F930EB8E617}.Debug|Any CPU.ActiveCfg = Debug|Any CPU
		{9798C4B6-ABB6-4681-A7B0-3F930EB8E617}.Debug|Any CPU.Build.0 = Debug|Any CPU
		{9798C4B6-ABB6-4681-A7B0-3F930EB8E617}.Release|Any CPU.ActiveCfg = Release|Any CPU
		{9798C4B6-ABB6-4681-A7B0-3F930EB8E617}.Release|Any CPU.Build.0 = Release|Any CPU
		{2D426C0D-31EF-4F24-9A79-70B5AB2AFF5F}.Debug|Any CPU.ActiveCfg = Debug|Any CPU
		{2D426C0D-31EF-4F24-9A79-70B5AB2AFF5F}.Debug|Any CPU.Build.0 = Debug|Any CPU
		{2D426C0D-31EF-4F24-9A79-70B5AB2AFF5F}.Release|Any CPU.ActiveCfg = Release|Any CPU
		{2D426C0D-31EF-4F24-9A79-70B5AB2AFF5F}.Release|Any CPU.Build.0 = Release|Any CPU
		{B6D20E34-8E4C-4ED4-B6EF-4DB97FA0E166}.Debug|Any CPU.ActiveCfg = Debug|Any CPU
		{B6D20E34-8E4C-4ED4-B6EF-4DB97FA0E166}.Debug|Any CPU.Build.0 = Debug|Any CPU
		{B6D20E34-8E4C-4ED4-B6EF-4DB97FA0E166}.Release|Any CPU.ActiveCfg = Release|Any CPU
		{B6D20E34-8E4C-4ED4-B6EF-4DB97FA0E166}.Release|Any CPU.Build.0 = Release|Any CPU
	EndGlobalSection
	GlobalSection(SolutionProperties) = preSolution
		HideSolutionNode = FALSE
	EndGlobalSection
	GlobalSection(ExtensibilityGlobals) = postSolution
		SolutionGuid = {60331556-F542-475A-B1CE-A83C64A59C94}
	EndGlobalSection
EndGlobal
